
Microsoft Visual Studio Solution File, Format Version 12.00
# Visual Studio Version 16
VisualStudioVersion = 16.0.29609.76
MinimumVisualStudioVersion = 10.0.40219.1
Project("{8BC9CEB8-8B4A-11D0-8D11-00A0C91BC942}") = "HiveSwarming", "HiveSwarming.vcxproj", "{00DC3B6B-A592-4736-9CA9-130E4DF06CD4}"
EndProject
Global
	GlobalSection(SolutionConfigurationPlatforms) = preSolution
		Debug|x64 = Debug|x64
		Debug|x86 = Debug|x86
		Release|x64 = Release|x64
		Release|x86 = Release|x86
	EndGlobalSection
	GlobalSection(ProjectConfigurationPlatforms) = postSolution
		{00DC3B6B-A592-4736-9CA9-130E4DF06CD4}.Debug|x64.ActiveCfg = Debug|x64
		{00DC3B6B-A592-4736-9CA9-130E4DF06CD4}.Debug|x64.Build.0 = Debug|x64
		{00DC3B6B-A592-4736-9CA9-130E4DF06CD4}.Debug|x86.ActiveCfg = Debug|Win32
		{00DC3B6B-A592-4736-9CA9-130E4DF06CD4}.Debug|x86.Build.0 = Debug|Win32
		{00DC3B6B-A592-4736-9CA9-130E4DF06CD4}.Release|x64.ActiveCfg = Release|x64
		{00DC3B6B-A592-4736-9CA9-130E4DF06CD4}.Release|x64.Build.0 = Release|x64
		{00DC3B6B-A592-4736-9CA9-130E4DF06CD4}.Release|x86.ActiveCfg = Release|Win32
		{00DC3B6B-A592-4736-9CA9-130E4DF06CD4}.Release|x86.Build.0 = Release|Win32
	EndGlobalSection
	GlobalSection(SolutionProperties) = preSolution
		HideSolutionNode = FALSE
	EndGlobalSection
	GlobalSection(ExtensibilityGlobals) = postSolution
		SolutionGuid = {FD1888F9-D331-4CD9-A58D-0C0F01F6735B}
	EndGlobalSection
EndGlobal
