<?xml version="1.0" encoding="utf-8"?>
<Project ToolsVersion="4.0" xmlns="http://schemas.microsoft.com/developer/msbuild/2003">
  <ItemGroup>
    <Filter Include="Source Files">
      <UniqueIdentifier>{4FC737F1-C7A5-4376-A066-2A32D752A2FF}</UniqueIdentifier>
      <Extensions>cpp;c;cc;cxx;def;odl;idl;hpj;bat;asm;asmx</Extensions>
    </Filter>
    <Filter Include="Header Files">
      <UniqueIdentifier>{93995380-89BD-4b04-88EB-625FBE52EBFB}</UniqueIdentifier>
      <Extensions>h;hh;hpp;hxx;hm;inl;inc;ipp;xsd</Extensions>
    </Filter>
    <Filter Include="Resource Files">
      <UniqueIdentifier>{67DA6AB6-F800-4c08-8B7A-83BB121AAD01}</UniqueIdentifier>
      <Extensions>rc;ico;cur;bmp;dlg;rc2;rct;bin;rgs;gif;jpg;jpeg;jpe;resx;tiff;tif;png;wav;mfcribbon-ms</Extensions>
    </Filter>
    <Filter Include="Source Files\Readers">
      <UniqueIdentifier>{28012152-1e12-4b80-800d-d49ea6871e1d}</UniqueIdentifier>
    </Filter>
    <Filter Include="Source Files\Writers">
      <UniqueIdentifier>{6489293b-479b-438a-9d1c-d1c6a540e115}</UniqueIdentifier>
    </Filter>
  </ItemGroup>
  <ItemGroup>
    <ClCompile Include="HiveSwarming.cpp">
      <Filter>Source Files</Filter>
    </ClCompile>
    <ClCompile Include="CommonFunctions.cpp">
      <Filter>Source Files</Filter>
    </ClCompile>
    <ClCompile Include="HiveToInternal.cpp">
      <Filter>Source Files\Readers</Filter>
    </ClCompile>
    <ClCompile Include="PolfileToInternal.cpp">
      <Filter>Source Files\Readers</Filter>
    </ClCompile>
    <ClCompile Include="RegfileToInternal.cpp">
      <Filter>Source Files\Readers</Filter>
    </ClCompile>
    <ClCompile Include="InternalToHive.cpp">
      <Filter>Source Files\Writers</Filter>
    </ClCompile>
    <ClCompile Include="InternalToPolfile.cpp">
      <Filter>Source Files\Writers</Filter>
    </ClCompile>
    <ClCompile Include="InternalToRegfile.cpp">
      <Filter>Source Files\Writers</Filter>
    </ClCompile>
  </ItemGroup>
  <ItemGroup>
    <ClInclude Include="Constants.h">
      <Filter>Header Files</Filter>
    </ClInclude>
    <ClInclude Include="Conversions.h">
      <Filter>Header Files</Filter>
    </ClInclude>
    <ClInclude Include="CommonFunctions.h">
      <Filter>Header Files</Filter>
    </ClInclude>
    <ClInclude Include="resource.h">
      <Filter>Header Files</Filter>
    </ClInclude>
  </ItemGroup>
  <ItemGroup>
    <ResourceCompile Include="HiveSwarming.rc">
      <Filter>Resource Files</Filter>
    </ResourceCompile>
  </ItemGroup>
</Project>